
Microsoft Visual Studio Solution File, Format Version 12.00
# Visual Studio Version 17
VisualStudioVersion = 17.9.34728.123
MinimumVisualStudioVersion = 10.0.40219.1
Project("{9A19103F-16F7-4668-BE54-9A1E7A4F7556}") = "TotemApollo", "TotemApollo\TotemApollo.csproj", "{328A432B-2E27-4BCC-AB10-B187309CE0D8}"
EndProject
Project("{9A19103F-16F7-4668-BE54-9A1E7A4F7556}") = "TotemApolloTestes", "TotemApolloTestes\TotemApolloTestes.csproj", "{D0C72424-9A50-4F54-85BD-0EC16226B435}"
EndProject
Global
	GlobalSection(SolutionConfigurationPlatforms) = preSolution
		Debug|Any CPU = Debug|Any CPU
		Release|Any CPU = Release|Any CPU
	EndGlobalSection
	GlobalSection(ProjectConfigurationPlatforms) = postSolution
		{328A432B-2E27-4BCC-AB10-B187309CE0D8}.Debug|Any CPU.ActiveCfg = Debug|Any CPU
		{328A432B-2E27-4BCC-AB10-B187309CE0D8}.Debug|Any CPU.Build.0 = Debug|Any CPU
		{328A432B-2E27-4BCC-AB10-B187309CE0D8}.Release|Any CPU.ActiveCfg = Release|Any CPU
		{328A432B-2E27-4BCC-AB10-B187309CE0D8}.Release|Any CPU.Build.0 = Release|Any CPU
		{D0C72424-9A50-4F54-85BD-0EC16226B435}.Debug|Any CPU.ActiveCfg = Debug|Any CPU
		{D0C72424-9A50-4F54-85BD-0EC16226B435}.Debug|Any CPU.Build.0 = Debug|Any CPU
		{D0C72424-9A50-4F54-85BD-0EC16226B435}.Release|Any CPU.ActiveCfg = Release|Any CPU
		{D0C72424-9A50-4F54-85BD-0EC16226B435}.Release|Any CPU.Build.0 = Release|Any CPU
	EndGlobalSection
	GlobalSection(SolutionProperties) = preSolution
		HideSolutionNode = FALSE
	EndGlobalSection
	GlobalSection(ExtensibilityGlobals) = postSolution
		SolutionGuid = {2B8F5CA0-C330-418D-AFA1-52F180385327}
	EndGlobalSection
EndGlobal
